{
  "name": "titlovi",
  "version": "1.0.0",
  "lockfileVersion": 1,
  "requires": true,
  "dependencies": {
    "parse-srt": {
      "version": "1.0.0-alpha",
      "resolved": "https://registry.npmjs.org/parse-srt/-/parse-srt-1.0.0-alpha.tgz",
      "integrity": "sha1-hePGDTHk3Qkk+vVB6oWhiPw0T2E="
    }
  }
}
